
Microsoft Visual Studio Solution File, Format Version 12.00
# Visual Studio 15
VisualStudioVersion = 15.0.26730.16
MinimumVisualStudioVersion = 10.0.40219.1
Project("{9A19103F-16F7-4668-BE54-9A1E7A4F7556}") = "Harjoitus1", "Harjoitus1\Harjoitus1.csproj", "{267D5050-6763-447E-9DFB-C84ECCA07853}"
EndProject
Project("{9A19103F-16F7-4668-BE54-9A1E7A4F7556}") = "Harjoitus2", "ConsoleApp1\Harjoitus2.csproj", "{FF1DC5E8-8D92-4419-8488-FD9C7D87475A}"
EndProject
Project("{FAE04EC0-301F-11D3-BF4B-00C04F79EFBC}") = "Harjoitus3", "ConsoleApp2\Harjoitus3.csproj", "{887F996A-CE82-4B08-AAFC-8EB6129FC165}"
EndProject
Global
	GlobalSection(SolutionConfigurationPlatforms) = preSolution
		Debug|Any CPU = Debug|Any CPU
		Release|Any CPU = Release|Any CPU
	EndGlobalSection
	GlobalSection(ProjectConfigurationPlatforms) = postSolution
		{267D5050-6763-447E-9DFB-C84ECCA07853}.Debug|Any CPU.ActiveCfg = Debug|Any CPU
		{267D5050-6763-447E-9DFB-C84ECCA07853}.Debug|Any CPU.Build.0 = Debug|Any CPU
		{267D5050-6763-447E-9DFB-C84ECCA07853}.Release|Any CPU.ActiveCfg = Release|Any CPU
		{267D5050-6763-447E-9DFB-C84ECCA07853}.Release|Any CPU.Build.0 = Release|Any CPU
		{FF1DC5E8-8D92-4419-8488-FD9C7D87475A}.Debug|Any CPU.ActiveCfg = Debug|Any CPU
		{FF1DC5E8-8D92-4419-8488-FD9C7D87475A}.Debug|Any CPU.Build.0 = Debug|Any CPU
		{FF1DC5E8-8D92-4419-8488-FD9C7D87475A}.Release|Any CPU.ActiveCfg = Release|Any CPU
		{FF1DC5E8-8D92-4419-8488-FD9C7D87475A}.Release|Any CPU.Build.0 = Release|Any CPU
		{887F996A-CE82-4B08-AAFC-8EB6129FC165}.Debug|Any CPU.ActiveCfg = Debug|Any CPU
		{887F996A-CE82-4B08-AAFC-8EB6129FC165}.Debug|Any CPU.Build.0 = Debug|Any CPU
		{887F996A-CE82-4B08-AAFC-8EB6129FC165}.Release|Any CPU.ActiveCfg = Release|Any CPU
		{887F996A-CE82-4B08-AAFC-8EB6129FC165}.Release|Any CPU.Build.0 = Release|Any CPU
	EndGlobalSection
	GlobalSection(SolutionProperties) = preSolution
		HideSolutionNode = FALSE
	EndGlobalSection
	GlobalSection(ExtensibilityGlobals) = postSolution
		SolutionGuid = {6C338D08-3E16-4455-BEF1-A30955C276C1}
	EndGlobalSection
EndGlobal
