
Microsoft Visual Studio Solution File, Format Version 12.00
# Visual Studio 15
VisualStudioVersion = 15.0.26730.16
MinimumVisualStudioVersion = 10.0.40219.1
Project("{FAE04EC0-301F-11D3-BF4B-00C04F79EFBC}") = "Teht1", "Teht1\Teht1.csproj", "{D9ECDE5B-AF98-408C-8636-EC496E9AFEBB}"
EndProject
Global
	GlobalSection(SolutionConfigurationPlatforms) = preSolution
		Debug|Any CPU = Debug|Any CPU
		Release|Any CPU = Release|Any CPU
	EndGlobalSection
	GlobalSection(ProjectConfigurationPlatforms) = postSolution
		{D9ECDE5B-AF98-408C-8636-EC496E9AFEBB}.Debug|Any CPU.ActiveCfg = Debug|Any CPU
		{D9ECDE5B-AF98-408C-8636-EC496E9AFEBB}.Debug|Any CPU.Build.0 = Debug|Any CPU
		{D9ECDE5B-AF98-408C-8636-EC496E9AFEBB}.Release|Any CPU.ActiveCfg = Release|Any CPU
		{D9ECDE5B-AF98-408C-8636-EC496E9AFEBB}.Release|Any CPU.Build.0 = Release|Any CPU
	EndGlobalSection
	GlobalSection(SolutionProperties) = preSolution
		HideSolutionNode = FALSE
	EndGlobalSection
	GlobalSection(ExtensibilityGlobals) = postSolution
		SolutionGuid = {A8555A41-A811-421C-A45F-E57AF82F7EED}
	EndGlobalSection
EndGlobal
